
Microsoft Visual Studio Solution File, Format Version 12.00
# Visual Studio 2012
Project("{FAE04EC0-301F-11D3-BF4B-00C04F79EFBC}") = "CakeDialog.Tests", "CakeDialog.Tests\CakeDialog.Tests.csproj", "{91AFE348-86DA-424C-AC6C-9CB6125032A7}"
EndProject
Project("{FAE04EC0-301F-11D3-BF4B-00C04F79EFBC}") = "CakeDialog", "CakeDialog\CakeDialog.csproj", "{29466DE8-EDD2-4294-9E86-A49AE9BD4843}"
EndProject
Global
	GlobalSection(SolutionConfigurationPlatforms) = preSolution
		Debug|Any CPU = Debug|Any CPU
		Release|Any CPU = Release|Any CPU
	EndGlobalSection
	GlobalSection(ProjectConfigurationPlatforms) = postSolution
		{91AFE348-86DA-424C-AC6C-9CB6125032A7}.Debug|Any CPU.ActiveCfg = Debug|Any CPU
		{91AFE348-86DA-424C-AC6C-9CB6125032A7}.Debug|Any CPU.Build.0 = Debug|Any CPU
		{91AFE348-86DA-424C-AC6C-9CB6125032A7}.Release|Any CPU.ActiveCfg = Release|Any CPU
		{91AFE348-86DA-424C-AC6C-9CB6125032A7}.Release|Any CPU.Build.0 = Release|Any CPU
		{29466DE8-EDD2-4294-9E86-A49AE9BD4843}.Debug|Any CPU.ActiveCfg = Debug|Any CPU
		{29466DE8-EDD2-4294-9E86-A49AE9BD4843}.Debug|Any CPU.Build.0 = Debug|Any CPU
		{29466DE8-EDD2-4294-9E86-A49AE9BD4843}.Release|Any CPU.ActiveCfg = Release|Any CPU
		{29466DE8-EDD2-4294-9E86-A49AE9BD4843}.Release|Any CPU.Build.0 = Release|Any CPU
	EndGlobalSection
EndGlobal
